// !$*UTF8*$!
{
	archiveVersion = 1;
	classes = {};
	objectVersion = 56;
	objects = {
		2269B0EEEE747F6411484A56 = { isa = PBXFileReference; lastKnownFileType = sourcecode.swift; path = "FinanceCopilot/App/FinanceCopilotApp.swift"; sourceTree = "<group>"; };
		497BC7FD0A4D61D0549029AB = { isa = PBXBuildFile; fileRef = 2269B0EEEE747F6411484A56; };
		ACD938A2D4ED90B654666561 = { isa = PBXFileReference; lastKnownFileType = sourcecode.swift; path = "FinanceCopilot/Models/Analytics.swift"; sourceTree = "<group>"; };
		106D9F8097AF9BF11AED65BE = { isa = PBXBuildFile; fileRef = ACD938A2D4ED90B654666561; };
		D849237B6E9BE2B922501615 = { isa = PBXFileReference; lastKnownFileType = sourcecode.swift; path = "FinanceCopilot/Models/LocalDate.swift"; sourceTree = "<group>"; };
		3345ED0CA9D859BA1F94661C = { isa = PBXBuildFile; fileRef = D849237B6E9BE2B922501615; };
		9D44531CDB5F1A2DEB68CE29 = { isa = PBXFileReference; lastKnownFileType = sourcecode.swift; path = "FinanceCopilot/Models/Money.swift"; sourceTree = "<group>"; };
		223DBBAC90B3BFF562398472 = { isa = PBXBuildFile; fileRef = 9D44531CDB5F1A2DEB68CE29; };
		5C242826B72E4C49C5A86CA4 = { isa = PBXFileReference; lastKnownFileType = sourcecode.swift; path = "FinanceCopilot/Models/Transaction.swift"; sourceTree = "<group>"; };
		9FA6A8773AAF2297671DD979 = { isa = PBXBuildFile; fileRef = 5C242826B72E4C49C5A86CA4; };
		4D99270B256DEFFE010BBC3C = { isa = PBXFileReference; lastKnownFileType = sourcecode.swift; path = "FinanceCopilot/Networking/APIClient.swift"; sourceTree = "<group>"; };
		68EC32D796579392AAC84DF7 = { isa = PBXBuildFile; fileRef = 4D99270B256DEFFE010BBC3C; };
		34A96528B5C974CC83CBCAE2 = { isa = PBXFileReference; lastKnownFileType = sourcecode.swift; path = "FinanceCopilot/Services/FinanceService.swift"; sourceTree = "<group>"; };
		3FAF71622EE04EFAF7D851B0 = { isa = PBXBuildFile; fileRef = 34A96528B5C974CC83CBCAE2; };
		BB85FBBABB74870C1546F4FE = { isa = PBXFileReference; lastKnownFileType = sourcecode.swift; path = "FinanceCopilot/ViewModels/DashboardViewModel.swift"; sourceTree = "<group>"; };
		FAA7EA69435599CF284874D9 = { isa = PBXBuildFile; fileRef = BB85FBBABB74870C1546F4FE; };
		E5532A4E882428C60EE22756 = { isa = PBXFileReference; lastKnownFileType = sourcecode.swift; path = "FinanceCopilot/ViewModels/TransactionDetailViewModel.swift"; sourceTree = "<group>"; };
		BB16009081BDBF5766097F04 = { isa = PBXBuildFile; fileRef = E5532A4E882428C60EE22756; };
		8F70AD3417D02C62B602ACF1 = { isa = PBXFileReference; lastKnownFileType = sourcecode.swift; path = "FinanceCopilot/ViewModels/TransactionsViewModel.swift"; sourceTree = "<group>"; };
		D26E5A508C2354B4D2E1BC1F = { isa = PBXBuildFile; fileRef = 8F70AD3417D02C62B602ACF1; };
		83AA3137367791D286629CAE = { isa = PBXFileReference; lastKnownFileType = sourcecode.swift; path = "FinanceCopilot/Views/Components/PeriodFilterView.swift"; sourceTree = "<group>"; };
		B0C6DE367BEE83CBA313939E = { isa = PBXBuildFile; fileRef = 83AA3137367791D286629CAE; };
		1217C77194BE06F1CDF30F66 = { isa = PBXFileReference; lastKnownFileType = sourcecode.swift; path = "FinanceCopilot/Views/Components/StateViews.swift"; sourceTree = "<group>"; };
		910E1B5677BC0CA5D2165715 = { isa = PBXBuildFile; fileRef = 1217C77194BE06F1CDF30F66; };
		9A866722274705E97DA1FF89 = { isa = PBXFileReference; lastKnownFileType = sourcecode.swift; path = "FinanceCopilot/Views/Dashboard/DashboardView.swift"; sourceTree = "<group>"; };
		CFA94F301BF9A02E1A3448CB = { isa = PBXBuildFile; fileRef = 9A866722274705E97DA1FF89; };
		B0D59D125AB475FE15E81641 = { isa = PBXFileReference; lastKnownFileType = sourcecode.swift; path = "FinanceCopilot/Views/Transactions/TransactionDetailView.swift"; sourceTree = "<group>"; };
		97E8426DE65C0A2E6FE56C44 = { isa = PBXBuildFile; fileRef = B0D59D125AB475FE15E81641; };
		9ED2CAD025226984326C726B = { isa = PBXFileReference; lastKnownFileType = sourcecode.swift; path = "FinanceCopilot/Views/Transactions/TransactionsView.swift"; sourceTree = "<group>"; };
		827029A4ADCA0B784A68818D = { isa = PBXBuildFile; fileRef = 9ED2CAD025226984326C726B; };
		00165508FCD6BE0E3ADE92E6 = { isa = PBXFileReference; lastKnownFileType = sourcecode.swift; path = "FinanceCopilotTests/FinanceCopilotTests.swift"; sourceTree = "<group>"; };
		A4F1C923625980E0CDDF85AF = { isa = PBXBuildFile; fileRef = 00165508FCD6BE0E3ADE92E6; };
		19E6477B4241B4BDC8CE79CD = { isa = PBXFileReference; lastKnownFileType = text.json; path = "FinanceCopilotTests/Fixtures/categories.json"; sourceTree = "<group>"; };
		757B81E105126EB45E561219 = { isa = PBXBuildFile; fileRef = 19E6477B4241B4BDC8CE79CD; };
		D2958CCF439483096792AD74 = { isa = PBXFileReference; lastKnownFileType = text.json; path = "FinanceCopilotTests/Fixtures/summary.json"; sourceTree = "<group>"; };
		2279CCBC14FD0CC8E330C9FC = { isa = PBXBuildFile; fileRef = D2958CCF439483096792AD74; };
		F6273739BF10C0C6B9B18623 = { isa = PBXFileReference; lastKnownFileType = text.json; path = "FinanceCopilotTests/Fixtures/transaction.json"; sourceTree = "<group>"; };
		F3E56D34DE0B9C606D3C82A6 = { isa = PBXBuildFile; fileRef = F6273739BF10C0C6B9B18623; };
		8592533CC3B13A0AD2158C7E = { isa = PBXFileReference; lastKnownFileType = text.xcconfig; path = "Config/Debug.xcconfig"; sourceTree = "<group>"; };
		02B7D5B3482BD93E0B267E4F = { isa = PBXFileReference; lastKnownFileType = text.xcconfig; path = "Config/Release.xcconfig"; sourceTree = "<group>"; };
		39A1D9BD9D7BC794B9234C6B = { isa = PBXFileReference; lastKnownFileType = text.plist.xml; path = "Config/Info-Debug.plist"; sourceTree = "<group>"; };
		243EA560FD0BB3B2A792F718 = { isa = PBXFileReference; lastKnownFileType = text.plist.xml; path = "Config/Info-Release.plist"; sourceTree = "<group>"; };
		EF6E575659BCF44ECB8DA7E1 = { isa = PBXFileReference; explicitFileType = wrapper.application; path = FinanceCopilot.app; sourceTree = BUILT_PRODUCTS_DIR; };
		1D7BCEB7A84D81271432542F = { isa = PBXFileReference; explicitFileType = wrapper.cfbundle; path = FinanceCopilotTests.xctest; sourceTree = BUILT_PRODUCTS_DIR; };
		0A3E27B8CA818264D75C8D81 = { isa = PBXGroup; name = Products; children = (EF6E575659BCF44ECB8DA7E1, 1D7BCEB7A84D81271432542F,); sourceTree = "<group>"; };
		EC6AE75C017423A0C5A951A8 = { isa = PBXGroup; children = (2269B0EEEE747F6411484A56, ACD938A2D4ED90B654666561, D849237B6E9BE2B922501615, 9D44531CDB5F1A2DEB68CE29, 5C242826B72E4C49C5A86CA4, 4D99270B256DEFFE010BBC3C, 34A96528B5C974CC83CBCAE2, BB85FBBABB74870C1546F4FE, E5532A4E882428C60EE22756, 8F70AD3417D02C62B602ACF1, 83AA3137367791D286629CAE, 1217C77194BE06F1CDF30F66, 9A866722274705E97DA1FF89, B0D59D125AB475FE15E81641, 9ED2CAD025226984326C726B, 00165508FCD6BE0E3ADE92E6, 19E6477B4241B4BDC8CE79CD, D2958CCF439483096792AD74, F6273739BF10C0C6B9B18623, 8592533CC3B13A0AD2158C7E, 02B7D5B3482BD93E0B267E4F, 39A1D9BD9D7BC794B9234C6B, 243EA560FD0BB3B2A792F718, 0A3E27B8CA818264D75C8D81,); sourceTree = "<group>"; };
		C303391874105B403EDAFAED = { isa = PBXSourcesBuildPhase; buildActionMask = 2147483647; files = (497BC7FD0A4D61D0549029AB, 106D9F8097AF9BF11AED65BE, 3345ED0CA9D859BA1F94661C, 223DBBAC90B3BFF562398472, 9FA6A8773AAF2297671DD979, 68EC32D796579392AAC84DF7, 3FAF71622EE04EFAF7D851B0, FAA7EA69435599CF284874D9, BB16009081BDBF5766097F04, D26E5A508C2354B4D2E1BC1F, B0C6DE367BEE83CBA313939E, 910E1B5677BC0CA5D2165715, CFA94F301BF9A02E1A3448CB, 97E8426DE65C0A2E6FE56C44, 827029A4ADCA0B784A68818D,); runOnlyForDeploymentPostprocessing = 0; };
		B3967E92F646B066A7221524 = { isa = PBXFrameworksBuildPhase; buildActionMask = 2147483647; files = (); runOnlyForDeploymentPostprocessing = 0; };
		F4FA315EB42AFBC39C864CB0 = { isa = PBXResourcesBuildPhase; buildActionMask = 2147483647; files = (); runOnlyForDeploymentPostprocessing = 0; };
		056DA714EBAD4B2B60880F15 = { isa = PBXSourcesBuildPhase; buildActionMask = 2147483647; files = (A4F1C923625980E0CDDF85AF,); runOnlyForDeploymentPostprocessing = 0; };
		DB7D723A10D96A0609CE750A = { isa = PBXFrameworksBuildPhase; buildActionMask = 2147483647; files = (); runOnlyForDeploymentPostprocessing = 0; };
		1A7936440619776AC566A3E9 = { isa = PBXResourcesBuildPhase; buildActionMask = 2147483647; files = (757B81E105126EB45E561219, 2279CCBC14FD0CC8E330C9FC, F3E56D34DE0B9C606D3C82A6,); runOnlyForDeploymentPostprocessing = 0; };
		1241936D4DD3AAD68FE7BFBD = { isa = PBXContainerItemProxy; containerPortal = 244210E48437B6556980A702; proxyType = 1; remoteGlobalIDString = CB7FAE16F6AA6B12C280B0E1; remoteInfo = FinanceCopilot; };
		F26350DAFE3F19AABFD69AC4 = { isa = PBXTargetDependency; target = CB7FAE16F6AA6B12C280B0E1; targetProxy = 1241936D4DD3AAD68FE7BFBD; };
		CB7FAE16F6AA6B12C280B0E1 = { isa = PBXNativeTarget; buildConfigurationList = 8F00966AF3297870904CD5B7; buildPhases = (C303391874105B403EDAFAED, B3967E92F646B066A7221524, F4FA315EB42AFBC39C864CB0,); buildRules = (); dependencies = (); name = FinanceCopilot; productName = FinanceCopilot; productReference = EF6E575659BCF44ECB8DA7E1; productType = "com.apple.product-type.application"; };
		8266701F217A1B009BE1824A = { isa = PBXNativeTarget; buildConfigurationList = 08DDFABFCA836630A8609A99; buildPhases = (056DA714EBAD4B2B60880F15, DB7D723A10D96A0609CE750A, 1A7936440619776AC566A3E9,); buildRules = (); dependencies = (F26350DAFE3F19AABFD69AC4,); name = FinanceCopilotTests; productName = FinanceCopilotTests; productReference = 1D7BCEB7A84D81271432542F; productType = "com.apple.product-type.bundle.unit-test"; };
		AF6742D896FDCF1DF8B0399E = { isa = XCBuildConfiguration;  buildSettings = { IPHONEOS_DEPLOYMENT_TARGET = "16.0"; SDKROOT = "iphoneos"; SWIFT_VERSION = "5.0"; CLANG_ENABLE_MODULES = "YES"; CLANG_ENABLE_OBJC_ARC = "YES"; ENABLE_USER_SCRIPT_SANDBOXING = "YES"; SWIFT_OPTIMIZATION_LEVEL = "-Onone"; DEBUG_INFORMATION_FORMAT = "dwarf"; ENABLE_TESTABILITY = "YES"; }; name = Debug; };
		5C31758DDED491FD70B9061E = { isa = XCBuildConfiguration;  buildSettings = { IPHONEOS_DEPLOYMENT_TARGET = "16.0"; SDKROOT = "iphoneos"; SWIFT_VERSION = "5.0"; CLANG_ENABLE_MODULES = "YES"; CLANG_ENABLE_OBJC_ARC = "YES"; ENABLE_USER_SCRIPT_SANDBOXING = "YES"; SWIFT_OPTIMIZATION_LEVEL = "-O"; DEBUG_INFORMATION_FORMAT = "dwarf-with-dsym"; ENABLE_TESTABILITY = "NO"; }; name = Release; };
		DF833A3E44B2D81665609F6A = { isa = XCConfigurationList; buildConfigurations = (AF6742D896FDCF1DF8B0399E, 5C31758DDED491FD70B9061E,); defaultConfigurationIsVisible = 0; defaultConfigurationName = Release; };
		D8435A9005BC868BD1D39D91 = { isa = XCBuildConfiguration; baseConfigurationReference = 8592533CC3B13A0AD2158C7E; buildSettings = { PRODUCT_BUNDLE_IDENTIFIER = "com.example.FinanceCopilot"; PRODUCT_NAME = "$(TARGET_NAME)"; TARGETED_DEVICE_FAMILY = "1"; SUPPORTED_PLATFORMS = "iphoneos iphonesimulator"; SUPPORTS_MACCATALYST = "NO"; CODE_SIGN_STYLE = "Automatic"; GENERATE_INFOPLIST_FILE = "NO"; INFOPLIST_FILE = "Config/Info-Debug.plist"; CURRENT_PROJECT_VERSION = "1"; MARKETING_VERSION = "0.1.0"; LD_RUNPATH_SEARCH_PATHS = "$(inherited) @executable_path/Frameworks"; SWIFT_EMIT_LOC_STRINGS = "YES"; }; name = Debug; };
		A26CA24D868D848F715E113A = { isa = XCBuildConfiguration; baseConfigurationReference = 02B7D5B3482BD93E0B267E4F; buildSettings = { PRODUCT_BUNDLE_IDENTIFIER = "com.example.FinanceCopilot"; PRODUCT_NAME = "$(TARGET_NAME)"; TARGETED_DEVICE_FAMILY = "1"; SUPPORTED_PLATFORMS = "iphoneos iphonesimulator"; SUPPORTS_MACCATALYST = "NO"; CODE_SIGN_STYLE = "Automatic"; GENERATE_INFOPLIST_FILE = "NO"; INFOPLIST_FILE = "Config/Info-Release.plist"; CURRENT_PROJECT_VERSION = "1"; MARKETING_VERSION = "0.1.0"; LD_RUNPATH_SEARCH_PATHS = "$(inherited) @executable_path/Frameworks"; SWIFT_EMIT_LOC_STRINGS = "YES"; }; name = Release; };
		8F00966AF3297870904CD5B7 = { isa = XCConfigurationList; buildConfigurations = (D8435A9005BC868BD1D39D91, A26CA24D868D848F715E113A,); defaultConfigurationIsVisible = 0; defaultConfigurationName = Release; };
		C50DE4C45A9BC19E03BEAF9C = { isa = XCBuildConfiguration; baseConfigurationReference = 8592533CC3B13A0AD2158C7E; buildSettings = { PRODUCT_BUNDLE_IDENTIFIER = "com.example.FinanceCopilotTests"; PRODUCT_NAME = "$(TARGET_NAME)"; TARGETED_DEVICE_FAMILY = "1"; CODE_SIGN_STYLE = "Automatic"; GENERATE_INFOPLIST_FILE = "YES"; TEST_HOST = "$(BUILT_PRODUCTS_DIR)/FinanceCopilot.app/$(BUNDLE_EXECUTABLE_FOLDER_PATH)/FinanceCopilot"; BUNDLE_LOADER = "$(TEST_HOST)"; LD_RUNPATH_SEARCH_PATHS = "$(inherited) @executable_path/Frameworks @loader_path/Frameworks"; }; name = Debug; };
		B1F2975125C130B9CE1F4962 = { isa = XCBuildConfiguration; baseConfigurationReference = 02B7D5B3482BD93E0B267E4F; buildSettings = { PRODUCT_BUNDLE_IDENTIFIER = "com.example.FinanceCopilotTests"; PRODUCT_NAME = "$(TARGET_NAME)"; TARGETED_DEVICE_FAMILY = "1"; CODE_SIGN_STYLE = "Automatic"; GENERATE_INFOPLIST_FILE = "YES"; TEST_HOST = "$(BUILT_PRODUCTS_DIR)/FinanceCopilot.app/$(BUNDLE_EXECUTABLE_FOLDER_PATH)/FinanceCopilot"; BUNDLE_LOADER = "$(TEST_HOST)"; LD_RUNPATH_SEARCH_PATHS = "$(inherited) @executable_path/Frameworks @loader_path/Frameworks"; }; name = Release; };
		08DDFABFCA836630A8609A99 = { isa = XCConfigurationList; buildConfigurations = (C50DE4C45A9BC19E03BEAF9C, B1F2975125C130B9CE1F4962,); defaultConfigurationIsVisible = 0; defaultConfigurationName = Release; };
		244210E48437B6556980A702 = { isa = PBXProject; attributes = { LastUpgradeCheck = 1600; TargetAttributes = { CB7FAE16F6AA6B12C280B0E1 = { CreatedOnToolsVersion = 16.0; }; 8266701F217A1B009BE1824A = { CreatedOnToolsVersion = 16.0; TestTargetID = CB7FAE16F6AA6B12C280B0E1; }; }; }; buildConfigurationList = DF833A3E44B2D81665609F6A; compatibilityVersion = "Xcode 14.0"; developmentRegion = pt; hasScannedForEncodings = 0; knownRegions = (pt, en, Base); mainGroup = EC6AE75C017423A0C5A951A8; productRefGroup = 0A3E27B8CA818264D75C8D81; projectDirPath = ""; projectRoot = ""; targets = (CB7FAE16F6AA6B12C280B0E1, 8266701F217A1B009BE1824A,); };
	};
	rootObject = 244210E48437B6556980A702;
}
